{
  "requires": true,
  "lockfileVersion": 1,
  "dependencies": {
    "@types/node": {
      "version": "14.14.16",
      "resolved": "https://registry.npmjs.org/@types/node/-/node-14.14.16.tgz",
      "integrity": "sha512-naXYePhweTi+BMv11TgioE2/FXU4fSl29HAH1ffxVciNsH3rYXjNP2yM8wqmSm7jS20gM8TIklKiTen+1iVncw==",
      "dev": true
    },
    "vu-rcon": {
      "version": "1.3.8",
      "resolved": "https://registry.npmjs.org/vu-rcon/-/vu-rcon-1.3.8.tgz",
      "integrity": "sha512-8HFMpSNCcQNhMR0pkeQ/odzS2aUBznj2UOfW/xSNwECP74tk8gCMyTAss6icQVm1LBVJxm8x/C50N9jQaLDC1g=="
    }
  }
}
